
Microsoft Visual Studio Solution File, Format Version 12.00
# Visual Studio Version 17
VisualStudioVersion = 17.1.32421.90
MinimumVisualStudioVersion = 10.0.40219.1
Project("{FAE04EC0-301F-11D3-BF4B-00C04F79EFBC}") = "Pedidos", "Pedidos\Pedidos.csproj", "{9F52E3A1-066F-4570-BEF7-27512FE1546B}"
EndProject
Project("{FAE04EC0-301F-11D3-BF4B-00C04F79EFBC}") = "DataAcces", "DataAcces\DataAcces.csproj", "{340C3A4C-A669-48E1-A049-677EAA9F0C48}"
EndProject
Project("{FAE04EC0-301F-11D3-BF4B-00C04F79EFBC}") = "Entities", "Entities\Entities.csproj", "{E1543CFB-832F-4857-A4CB-89CAC90A5A30}"
EndProject
Project("{FAE04EC0-301F-11D3-BF4B-00C04F79EFBC}") = "Logic", "Logic\Logic.csproj", "{5C253EB5-FF47-4C1D-B786-F42C06C2F4D9}"
EndProject
Project("{FAE04EC0-301F-11D3-BF4B-00C04F79EFBC}") = "ShoppingCart", "ShoppingCart\ShoppingCart.csproj", "{55105CF7-3A08-438B-B3D7-AC471AF32E45}"
EndProject
Global
	GlobalSection(SolutionConfigurationPlatforms) = preSolution
		Debug|Any CPU = Debug|Any CPU
		Release|Any CPU = Release|Any CPU
	EndGlobalSection
	GlobalSection(ProjectConfigurationPlatforms) = postSolution
		{9F52E3A1-066F-4570-BEF7-27512FE1546B}.Debug|Any CPU.ActiveCfg = Debug|Any CPU
		{9F52E3A1-066F-4570-BEF7-27512FE1546B}.Debug|Any CPU.Build.0 = Debug|Any CPU
		{9F52E3A1-066F-4570-BEF7-27512FE1546B}.Release|Any CPU.ActiveCfg = Release|Any CPU
		{9F52E3A1-066F-4570-BEF7-27512FE1546B}.Release|Any CPU.Build.0 = Release|Any CPU
		{340C3A4C-A669-48E1-A049-677EAA9F0C48}.Debug|Any CPU.ActiveCfg = Debug|Any CPU
		{340C3A4C-A669-48E1-A049-677EAA9F0C48}.Debug|Any CPU.Build.0 = Debug|Any CPU
		{340C3A4C-A669-48E1-A049-677EAA9F0C48}.Release|Any CPU.ActiveCfg = Release|Any CPU
		{340C3A4C-A669-48E1-A049-677EAA9F0C48}.Release|Any CPU.Build.0 = Release|Any CPU
		{E1543CFB-832F-4857-A4CB-89CAC90A5A30}.Debug|Any CPU.ActiveCfg = Debug|Any CPU
		{E1543CFB-832F-4857-A4CB-89CAC90A5A30}.Debug|Any CPU.Build.0 = Debug|Any CPU
		{E1543CFB-832F-4857-A4CB-89CAC90A5A30}.Release|Any CPU.ActiveCfg = Release|Any CPU
		{E1543CFB-832F-4857-A4CB-89CAC90A5A30}.Release|Any CPU.Build.0 = Release|Any CPU
		{5C253EB5-FF47-4C1D-B786-F42C06C2F4D9}.Debug|Any CPU.ActiveCfg = Debug|Any CPU
		{5C253EB5-FF47-4C1D-B786-F42C06C2F4D9}.Debug|Any CPU.Build.0 = Debug|Any CPU
		{5C253EB5-FF47-4C1D-B786-F42C06C2F4D9}.Release|Any CPU.ActiveCfg = Release|Any CPU
		{5C253EB5-FF47-4C1D-B786-F42C06C2F4D9}.Release|Any CPU.Build.0 = Release|Any CPU
		{55105CF7-3A08-438B-B3D7-AC471AF32E45}.Debug|Any CPU.ActiveCfg = Debug|Any CPU
		{55105CF7-3A08-438B-B3D7-AC471AF32E45}.Debug|Any CPU.Build.0 = Debug|Any CPU
		{55105CF7-3A08-438B-B3D7-AC471AF32E45}.Release|Any CPU.ActiveCfg = Release|Any CPU
		{55105CF7-3A08-438B-B3D7-AC471AF32E45}.Release|Any CPU.Build.0 = Release|Any CPU
	EndGlobalSection
	GlobalSection(SolutionProperties) = preSolution
		HideSolutionNode = FALSE
	EndGlobalSection
	GlobalSection(ExtensibilityGlobals) = postSolution
		SolutionGuid = {31A007C1-3D51-43C0-A008-3121266C6447}
	EndGlobalSection
EndGlobal
